
Microsoft Visual Studio Solution File, Format Version 12.00
# Visual Studio Version 16
VisualStudioVersion = 16.0.29418.71
MinimumVisualStudioVersion = 10.0.40219.1
Project("{FAE04EC0-301F-11D3-BF4B-00C04F79EFBC}") = "GDocumental", "GDocumental\GDocumental.csproj", "{69F10FE1-539E-4561-9498-80D516DC419A}"
EndProject
Global
	GlobalSection(SolutionConfigurationPlatforms) = preSolution
		Debug|Any CPU = Debug|Any CPU
		Release|Any CPU = Release|Any CPU
	EndGlobalSection
	GlobalSection(ProjectConfigurationPlatforms) = postSolution
		{69F10FE1-539E-4561-9498-80D516DC419A}.Debug|Any CPU.ActiveCfg = Debug|Any CPU
		{69F10FE1-539E-4561-9498-80D516DC419A}.Debug|Any CPU.Build.0 = Debug|Any CPU
		{69F10FE1-539E-4561-9498-80D516DC419A}.Release|Any CPU.ActiveCfg = Release|Any CPU
		{69F10FE1-539E-4561-9498-80D516DC419A}.Release|Any CPU.Build.0 = Release|Any CPU
	EndGlobalSection
	GlobalSection(SolutionProperties) = preSolution
		HideSolutionNode = FALSE
	EndGlobalSection
	GlobalSection(ExtensibilityGlobals) = postSolution
		SolutionGuid = {7F69EF1B-E74E-4E40-81CA-13E630D441F7}
	EndGlobalSection
EndGlobal
